
Microsoft Visual Studio Solution File, Format Version 12.00
# Visual Studio Version 17
VisualStudioVersion = 17.4.33205.214
MinimumVisualStudioVersion = 10.0.40219.1
Project("{FAE04EC0-301F-11D3-BF4B-00C04F79EFBC}") = "PickACardUI", "PickACardUI\PickACardUI.csproj", "{C2C7A807-6DDB-409D-B4AC-59F69CEE56BD}"
EndProject
Global
	GlobalSection(SolutionConfigurationPlatforms) = preSolution
		Debug|Any CPU = Debug|Any CPU
		Release|Any CPU = Release|Any CPU
	EndGlobalSection
	GlobalSection(ProjectConfigurationPlatforms) = postSolution
		{C2C7A807-6DDB-409D-B4AC-59F69CEE56BD}.Debug|Any CPU.ActiveCfg = Debug|Any CPU
		{C2C7A807-6DDB-409D-B4AC-59F69CEE56BD}.Debug|Any CPU.Build.0 = Debug|Any CPU
		{C2C7A807-6DDB-409D-B4AC-59F69CEE56BD}.Release|Any CPU.ActiveCfg = Release|Any CPU
		{C2C7A807-6DDB-409D-B4AC-59F69CEE56BD}.Release|Any CPU.Build.0 = Release|Any CPU
	EndGlobalSection
	GlobalSection(SolutionProperties) = preSolution
		HideSolutionNode = FALSE
	EndGlobalSection
	GlobalSection(ExtensibilityGlobals) = postSolution
		SolutionGuid = {6617E907-BA6D-4F92-B1D0-7A02AECBCB6D}
	EndGlobalSection
EndGlobal
